
Microsoft Visual Studio Solution File, Format Version 12.00
# Visual Studio Version 16
VisualStudioVersion = 16.0.28803.352
MinimumVisualStudioVersion = 10.0.40219.1
Project("{FAE04EC0-301F-11D3-BF4B-00C04F79EFBC}") = "WorkHelper.DAL", "WorkHelper.DAL\WorkHelper.DAL.csproj", "{48BEFDD5-FCEA-4FFC-88E8-7B1C451446A8}"
EndProject
Project("{FAE04EC0-301F-11D3-BF4B-00C04F79EFBC}") = "WorkHelper.BLL", "WorkHelper.BLL\WorkHelper.BLL.csproj", "{B00421C3-4C5B-4298-806A-ED8A44E74A71}"
EndProject
Project("{FAE04EC0-301F-11D3-BF4B-00C04F79EFBC}") = "WorkHelper.WebUI", "WorkHelper.WebUI\WorkHelper.WebUI.csproj", "{35BC7CD7-7546-46D5-B565-38114120BCD1}"
EndProject
Global
	GlobalSection(SolutionConfigurationPlatforms) = preSolution
		Debug|Any CPU = Debug|Any CPU
		Release|Any CPU = Release|Any CPU
	EndGlobalSection
	GlobalSection(ProjectConfigurationPlatforms) = postSolution
		{48BEFDD5-FCEA-4FFC-88E8-7B1C451446A8}.Debug|Any CPU.ActiveCfg = Debug|Any CPU
		{48BEFDD5-FCEA-4FFC-88E8-7B1C451446A8}.Debug|Any CPU.Build.0 = Debug|Any CPU
		{48BEFDD5-FCEA-4FFC-88E8-7B1C451446A8}.Release|Any CPU.ActiveCfg = Release|Any CPU
		{48BEFDD5-FCEA-4FFC-88E8-7B1C451446A8}.Release|Any CPU.Build.0 = Release|Any CPU
		{B00421C3-4C5B-4298-806A-ED8A44E74A71}.Debug|Any CPU.ActiveCfg = Debug|Any CPU
		{B00421C3-4C5B-4298-806A-ED8A44E74A71}.Debug|Any CPU.Build.0 = Debug|Any CPU
		{B00421C3-4C5B-4298-806A-ED8A44E74A71}.Release|Any CPU.ActiveCfg = Release|Any CPU
		{B00421C3-4C5B-4298-806A-ED8A44E74A71}.Release|Any CPU.Build.0 = Release|Any CPU
		{35BC7CD7-7546-46D5-B565-38114120BCD1}.Debug|Any CPU.ActiveCfg = Debug|Any CPU
		{35BC7CD7-7546-46D5-B565-38114120BCD1}.Debug|Any CPU.Build.0 = Debug|Any CPU
		{35BC7CD7-7546-46D5-B565-38114120BCD1}.Release|Any CPU.ActiveCfg = Release|Any CPU
		{35BC7CD7-7546-46D5-B565-38114120BCD1}.Release|Any CPU.Build.0 = Release|Any CPU
	EndGlobalSection
	GlobalSection(SolutionProperties) = preSolution
		HideSolutionNode = FALSE
	EndGlobalSection
	GlobalSection(ExtensibilityGlobals) = postSolution
		SolutionGuid = {980CBD29-C146-425A-AA17-F1DCC407521E}
	EndGlobalSection
EndGlobal
